// !$*UTF8*$!
{
	archiveVersion = 1;
	classes = {
	};
	objectVersion = 46;
	objects = {

/* Begin PBXBuildFile section */
		0EAD1D381E461B2EF21C167C /* Pods_caravan_iosTests.framework in Frameworks */ = {isa = PBXBuildFile; fileRef = 01EF70F2CFFD6AAE9BFAF54A /* Pods_caravan_iosTests.framework */; };
		462430AE1EF03F1B007B4A56 /* UserLocAnnotation.swift in Sources */ = {isa = PBXBuildFile; fileRef = 462430AD1EF03F1B007B4A56 /* UserLocAnnotation.swift */; };
		463A771E1ECBCBEC004FE290 /* MenuView.swift in Sources */ = {isa = PBXBuildFile; fileRef = 463A771D1ECBCBEC004FE290 /* MenuView.swift */; };
		463A77241ECBCC7C004FE290 /* MenuViewDelegate.swift in Sources */ = {isa = PBXBuildFile; fileRef = 463A77231ECBCC7C004FE290 /* MenuViewDelegate.swift */; };
		46E222221ED4F81A00D1C6F7 /* RouteSelectionViewController.swift in Sources */ = {isa = PBXBuildFile; fileRef = 46E222211ED4F81A00D1C6F7 /* RouteSelectionViewController.swift */; };
		7B1110A10D1B6864D70F8021 /* Pods_caravan_iosUITests.framework in Frameworks */ = {isa = PBXBuildFile; fileRef = B4F3605FC2CEDC4564A409B5 /* Pods_caravan_iosUITests.framework */; };
		B92E18291E5D073700934506 /* LoginViewController.swift in Sources */ = {isa = PBXBuildFile; fileRef = B92E18281E5D073700934506 /* LoginViewController.swift */; };
		B93F00E11E396A6600ACFB48 /* GoogleService-Info.plist in Resources */ = {isa = PBXBuildFile; fileRef = B93F00E01E396A6600ACFB48 /* GoogleService-Info.plist */; };
		B93F00E21E396A6600ACFB48 /* GoogleService-Info.plist in Resources */ = {isa = PBXBuildFile; fileRef = B93F00E01E396A6600ACFB48 /* GoogleService-Info.plist */; };
		B93F00E31E396A6600ACFB48 /* GoogleService-Info.plist in Resources */ = {isa = PBXBuildFile; fileRef = B93F00E01E396A6600ACFB48 /* GoogleService-Info.plist */; };
		B99777871E55228A0047149B /* SearchViewController.swift in Sources */ = {isa = PBXBuildFile; fileRef = B99777861E55228A0047149B /* SearchViewController.swift */; };
		B9B91EEC1E39664800FBFEAD /* AppDelegate.swift in Sources */ = {isa = PBXBuildFile; fileRef = B9B91EEB1E39664800FBFEAD /* AppDelegate.swift */; };
		B9B91EEE1E39664800FBFEAD /* MapViewController.swift in Sources */ = {isa = PBXBuildFile; fileRef = B9B91EED1E39664800FBFEAD /* MapViewController.swift */; };
		B9B91EF11E39664800FBFEAD /* Main.storyboard in Resources */ = {isa = PBXBuildFile; fileRef = B9B91EEF1E39664800FBFEAD /* Main.storyboard */; };
		B9B91EF31E39664800FBFEAD /* Assets.xcassets in Resources */ = {isa = PBXBuildFile; fileRef = B9B91EF21E39664800FBFEAD /* Assets.xcassets */; };
		B9B91EF61E39664800FBFEAD /* LaunchScreen.storyboard in Resources */ = {isa = PBXBuildFile; fileRef = B9B91EF41E39664800FBFEAD /* LaunchScreen.storyboard */; };
		B9B91F011E39664800FBFEAD /* caravan_iosTests.swift in Sources */ = {isa = PBXBuildFile; fileRef = B9B91F001E39664800FBFEAD /* caravan_iosTests.swift */; };
		B9B91F0C1E39664800FBFEAD /* caravan_iosUITests.swift in Sources */ = {isa = PBXBuildFile; fileRef = B9B91F0B1E39664800FBFEAD /* caravan_iosUITests.swift */; };
		E041C582877055996DE58AE2 /* Pods_caravan_ios.framework in Frameworks */ = {isa = PBXBuildFile; fileRef = BADD37FE9B47130674ECC720 /* Pods_caravan_ios.framework */; };
		E7D431B81EE8C31500915DC2 /* PreviewViewController.swift in Sources */ = {isa = PBXBuildFile; fileRef = E7D431B71EE8C31500915DC2 /* PreviewViewController.swift */; };
		E7D431B91EE8C31500915DC2 /* PreviewViewController.swift in Sources */ = {isa = PBXBuildFile; fileRef = E7D431B71EE8C31500915DC2 /* PreviewViewController.swift */; };
		E7D431BA1EE8C31500915DC2 /* PreviewViewController.swift in Sources */ = {isa = PBXBuildFile; fileRef = E7D431B71EE8C31500915DC2 /* PreviewViewController.swift */; };
		E7D431BC1EEB5EDD00915DC2 /* JoinViewController.swift in Sources */ = {isa = PBXBuildFile; fileRef = E7D431BB1EEB5EDD00915DC2 /* JoinViewController.swift */; };
		E7D431BD1EEB5EDD00915DC2 /* JoinViewController.swift in Sources */ = {isa = PBXBuildFile; fileRef = E7D431BB1EEB5EDD00915DC2 /* JoinViewController.swift */; };
		E7D431BE1EEB5EDD00915DC2 /* JoinViewController.swift in Sources */ = {isa = PBXBuildFile; fileRef = E7D431BB1EEB5EDD00915DC2 /* JoinViewController.swift */; };
		E7D431BF1EEBB53C00915DC2 /* AppDelegate.swift in Sources */ = {isa = PBXBuildFile; fileRef = B9B91EEB1E39664800FBFEAD /* AppDelegate.swift */; };
		E7D431C01EEBB53D00915DC2 /* AppDelegate.swift in Sources */ = {isa = PBXBuildFile; fileRef = B9B91EEB1E39664800FBFEAD /* AppDelegate.swift */; };
/* End PBXBuildFile section */

/* Begin PBXContainerItemProxy section */
		B9B91EFD1E39664800FBFEAD /* PBXContainerItemProxy */ = {
			isa = PBXContainerItemProxy;
			containerPortal = B9B91EE01E39664800FBFEAD /* Project object */;
			proxyType = 1;
			remoteGlobalIDString = B9B91EE71E39664800FBFEAD;
			remoteInfo = "caravan-ios";
		};
		B9B91F081E39664800FBFEAD /* PBXContainerItemProxy */ = {
			isa = PBXContainerItemProxy;
			containerPortal = B9B91EE01E39664800FBFEAD /* Project object */;
			proxyType = 1;
			remoteGlobalIDString = B9B91EE71E39664800FBFEAD;
			remoteInfo = "caravan-ios";
		};
/* End PBXContainerItemProxy section */

/* Begin PBXFileReference section */
		01EF70F2CFFD6AAE9BFAF54A /* Pods_caravan_iosTests.framework */ = {isa = PBXFileReference; explicitFileType = wrapper.framework; includeInIndex = 0; path = Pods_caravan_iosTests.framework; sourceTree = BUILT_PRODUCTS_DIR; };
		3055808A949C458832659EEF /* Pods-caravan-ios.debug.xcconfig */ = {isa = PBXFileReference; includeInIndex = 1; lastKnownFileType = text.xcconfig; name = "Pods-caravan-ios.debug.xcconfig"; path = "Pods/Target Support Files/Pods-caravan-ios/Pods-caravan-ios.debug.xcconfig"; sourceTree = "<group>"; };
		3ABA6D556AFCFB28B69478D5 /* Pods-caravan-iosTests.debug.xcconfig */ = {isa = PBXFileReference; includeInIndex = 1; lastKnownFileType = text.xcconfig; name = "Pods-caravan-iosTests.debug.xcconfig"; path = "Pods/Target Support Files/Pods-caravan-iosTests/Pods-caravan-iosTests.debug.xcconfig"; sourceTree = "<group>"; };
		462430AD1EF03F1B007B4A56 /* UserLocAnnotation.swift */ = {isa = PBXFileReference; fileEncoding = 4; lastKnownFileType = sourcecode.swift; path = UserLocAnnotation.swift; sourceTree = "<group>"; };
		463A771D1ECBCBEC004FE290 /* MenuView.swift */ = {isa = PBXFileReference; fileEncoding = 4; lastKnownFileType = sourcecode.swift; path = MenuView.swift; sourceTree = "<group>"; };
		463A77231ECBCC7C004FE290 /* MenuViewDelegate.swift */ = {isa = PBXFileReference; fileEncoding = 4; lastKnownFileType = sourcecode.swift; path = MenuViewDelegate.swift; sourceTree = "<group>"; };
		46E222211ED4F81A00D1C6F7 /* RouteSelectionViewController.swift */ = {isa = PBXFileReference; fileEncoding = 4; lastKnownFileType = sourcecode.swift; path = RouteSelectionViewController.swift; sourceTree = "<group>"; };
		7ED97C7732B3A892FFB05C70 /* Pods-caravan-iosUITests.debug.xcconfig */ = {isa = PBXFileReference; includeInIndex = 1; lastKnownFileType = text.xcconfig; name = "Pods-caravan-iosUITests.debug.xcconfig"; path = "Pods/Target Support Files/Pods-caravan-iosUITests/Pods-caravan-iosUITests.debug.xcconfig"; sourceTree = "<group>"; };
		9E9DA8F00FD3B90E0C7A0D27 /* Pods-caravan-iosUITests.release.xcconfig */ = {isa = PBXFileReference; includeInIndex = 1; lastKnownFileType = text.xcconfig; name = "Pods-caravan-iosUITests.release.xcconfig"; path = "Pods/Target Support Files/Pods-caravan-iosUITests/Pods-caravan-iosUITests.release.xcconfig"; sourceTree = "<group>"; };
		B4F3605FC2CEDC4564A409B5 /* Pods_caravan_iosUITests.framework */ = {isa = PBXFileReference; explicitFileType = wrapper.framework; includeInIndex = 0; path = Pods_caravan_iosUITests.framework; sourceTree = BUILT_PRODUCTS_DIR; };
		B92E18281E5D073700934506 /* LoginViewController.swift */ = {isa = PBXFileReference; fileEncoding = 4; lastKnownFileType = sourcecode.swift; path = LoginViewController.swift; sourceTree = "<group>"; };
		B93F00E01E396A6600ACFB48 /* GoogleService-Info.plist */ = {isa = PBXFileReference; fileEncoding = 4; lastKnownFileType = text.plist.xml; path = "GoogleService-Info.plist"; sourceTree = "<group>"; };
		B99777861E55228A0047149B /* SearchViewController.swift */ = {isa = PBXFileReference; fileEncoding = 4; lastKnownFileType = sourcecode.swift; lineEnding = 0; path = SearchViewController.swift; sourceTree = "<group>"; xcLanguageSpecificationIdentifier = xcode.lang.swift; };
		B9B91EE81E39664800FBFEAD /* caravan-ios.app */ = {isa = PBXFileReference; explicitFileType = wrapper.application; includeInIndex = 0; path = "caravan-ios.app"; sourceTree = BUILT_PRODUCTS_DIR; };
		B9B91EEB1E39664800FBFEAD /* AppDelegate.swift */ = {isa = PBXFileReference; lastKnownFileType = sourcecode.swift; path = AppDelegate.swift; sourceTree = "<group>"; };
		B9B91EED1E39664800FBFEAD /* MapViewController.swift */ = {isa = PBXFileReference; lastKnownFileType = sourcecode.swift; path = MapViewController.swift; sourceTree = "<group>"; };
		B9B91EF01E39664800FBFEAD /* Base */ = {isa = PBXFileReference; lastKnownFileType = file.storyboard; name = Base; path = Base.lproj/Main.storyboard; sourceTree = "<group>"; };
		B9B91EF21E39664800FBFEAD /* Assets.xcassets */ = {isa = PBXFileReference; lastKnownFileType = folder.assetcatalog; path = Assets.xcassets; sourceTree = "<group>"; };
		B9B91EF51E39664800FBFEAD /* Base */ = {isa = PBXFileReference; lastKnownFileType = file.storyboard; name = Base; path = Base.lproj/LaunchScreen.storyboard; sourceTree = "<group>"; };
		B9B91EF71E39664800FBFEAD /* Info.plist */ = {isa = PBXFileReference; lastKnownFileType = text.plist.xml; path = Info.plist; sourceTree = "<group>"; };
		B9B91EFC1E39664800FBFEAD /* caravan-iosTests.xctest */ = {isa = PBXFileReference; explicitFileType = wrapper.cfbundle; includeInIndex = 0; path = "caravan-iosTests.xctest"; sourceTree = BUILT_PRODUCTS_DIR; };
		B9B91F001E39664800FBFEAD /* caravan_iosTests.swift */ = {isa = PBXFileReference; lastKnownFileType = sourcecode.swift; path = caravan_iosTests.swift; sourceTree = "<group>"; };
		B9B91F021E39664800FBFEAD /* Info.plist */ = {isa = PBXFileReference; lastKnownFileType = text.plist.xml; path = Info.plist; sourceTree = "<group>"; };
		B9B91F071E39664800FBFEAD /* caravan-iosUITests.xctest */ = {isa = PBXFileReference; explicitFileType = wrapper.cfbundle; includeInIndex = 0; path = "caravan-iosUITests.xctest"; sourceTree = BUILT_PRODUCTS_DIR; };
		B9B91F0B1E39664800FBFEAD /* caravan_iosUITests.swift */ = {isa = PBXFileReference; lastKnownFileType = sourcecode.swift; path = caravan_iosUITests.swift; sourceTree = "<group>"; };
		B9B91F0D1E39664800FBFEAD /* Info.plist */ = {isa = PBXFileReference; lastKnownFileType = text.plist.xml; path = Info.plist; sourceTree = "<group>"; };
		BADD37FE9B47130674ECC720 /* Pods_caravan_ios.framework */ = {isa = PBXFileReference; explicitFileType = wrapper.framework; includeInIndex = 0; path = Pods_caravan_ios.framework; sourceTree = BUILT_PRODUCTS_DIR; };
		C2FF9F453FFD5B69110977CA /* Pods-caravan-iosTests.release.xcconfig */ = {isa = PBXFileReference; includeInIndex = 1; lastKnownFileType = text.xcconfig; name = "Pods-caravan-iosTests.release.xcconfig"; path = "Pods/Target Support Files/Pods-caravan-iosTests/Pods-caravan-iosTests.release.xcconfig"; sourceTree = "<group>"; };
		E7D431B71EE8C31500915DC2 /* PreviewViewController.swift */ = {isa = PBXFileReference; fileEncoding = 4; lastKnownFileType = sourcecode.swift; path = PreviewViewController.swift; sourceTree = "<group>"; };
		E7D431BB1EEB5EDD00915DC2 /* JoinViewController.swift */ = {isa = PBXFileReference; fileEncoding = 4; lastKnownFileType = sourcecode.swift; path = JoinViewController.swift; sourceTree = "<group>"; };
		F3221F18AF26FCBBBDFB9C14 /* Pods-caravan-ios.release.xcconfig */ = {isa = PBXFileReference; includeInIndex = 1; lastKnownFileType = text.xcconfig; name = "Pods-caravan-ios.release.xcconfig"; path = "Pods/Target Support Files/Pods-caravan-ios/Pods-caravan-ios.release.xcconfig"; sourceTree = "<group>"; };
/* End PBXFileReference section */

/* Begin PBXFrameworksBuildPhase section */
		B9B91EE51E39664800FBFEAD /* Frameworks */ = {
			isa = PBXFrameworksBuildPhase;
			buildActionMask = 2147483647;
			files = (
				E041C582877055996DE58AE2 /* Pods_caravan_ios.framework in Frameworks */,
			);
			runOnlyForDeploymentPostprocessing = 0;
		};
		B9B91EF91E39664800FBFEAD /* Frameworks */ = {
			isa = PBXFrameworksBuildPhase;
			buildActionMask = 2147483647;
			files = (
				0EAD1D381E461B2EF21C167C /* Pods_caravan_iosTests.framework in Frameworks */,
			);
			runOnlyForDeploymentPostprocessing = 0;
		};
		B9B91F041E39664800FBFEAD /* Frameworks */ = {
			isa = PBXFrameworksBuildPhase;
			buildActionMask = 2147483647;
			files = (
				7B1110A10D1B6864D70F8021 /* Pods_caravan_iosUITests.framework in Frameworks */,
			);
			runOnlyForDeploymentPostprocessing = 0;
		};
/* End PBXFrameworksBuildPhase section */

/* Begin PBXGroup section */
		463A771F1ECBCBFB004FE290 /* View */ = {
			isa = PBXGroup;
			children = (
				463A771D1ECBCBEC004FE290 /* MenuView.swift */,
				462430AD1EF03F1B007B4A56 /* UserLocAnnotation.swift */,
			);
			name = View;
			sourceTree = "<group>";
		};
		463A77221ECBCC68004FE290 /* Delegate */ = {
			isa = PBXGroup;
			children = (
				463A77231ECBCC7C004FE290 /* MenuViewDelegate.swift */,
			);
			name = Delegate;
			sourceTree = "<group>";
		};
		4DB57745109B5EEEA04680D0 /* Pods */ = {
			isa = PBXGroup;
			children = (
				3055808A949C458832659EEF /* Pods-caravan-ios.debug.xcconfig */,
				F3221F18AF26FCBBBDFB9C14 /* Pods-caravan-ios.release.xcconfig */,
				3ABA6D556AFCFB28B69478D5 /* Pods-caravan-iosTests.debug.xcconfig */,
				C2FF9F453FFD5B69110977CA /* Pods-caravan-iosTests.release.xcconfig */,
				7ED97C7732B3A892FFB05C70 /* Pods-caravan-iosUITests.debug.xcconfig */,
				9E9DA8F00FD3B90E0C7A0D27 /* Pods-caravan-iosUITests.release.xcconfig */,
			);
			name = Pods;
			sourceTree = "<group>";
		};
		B9B91EDF1E39664800FBFEAD = {
			isa = PBXGroup;
			children = (
				B9B91EEA1E39664800FBFEAD /* caravan-ios */,
				B9B91EFF1E39664800FBFEAD /* caravan-iosTests */,
				B9B91F0A1E39664800FBFEAD /* caravan-iosUITests */,
				B9B91EE91E39664800FBFEAD /* Products */,
				4DB57745109B5EEEA04680D0 /* Pods */,
				D07702B0325EA22D40BAF914 /* Frameworks */,
			);
			sourceTree = "<group>";
		};
		B9B91EE91E39664800FBFEAD /* Products */ = {
			isa = PBXGroup;
			children = (
				B9B91EE81E39664800FBFEAD /* caravan-ios.app */,
				B9B91EFC1E39664800FBFEAD /* caravan-iosTests.xctest */,
				B9B91F071E39664800FBFEAD /* caravan-iosUITests.xctest */,
			);
			name = Products;
			sourceTree = "<group>";
		};
		B9B91EEA1E39664800FBFEAD /* caravan-ios */ = {
			isa = PBXGroup;
			children = (
				463A77221ECBCC68004FE290 /* Delegate */,
				463A771F1ECBCBFB004FE290 /* View */,
				B9DE53CC1E6E674C00831710 /* Controller */,
				B9B91EEB1E39664800FBFEAD /* AppDelegate.swift */,
				B9B91EEF1E39664800FBFEAD /* Main.storyboard */,
				B9B91EF21E39664800FBFEAD /* Assets.xcassets */,
				B9B91EF41E39664800FBFEAD /* LaunchScreen.storyboard */,
				B93F00E01E396A6600ACFB48 /* GoogleService-Info.plist */,
				B9B91EF71E39664800FBFEAD /* Info.plist */,
			);
			path = "caravan-ios";
			sourceTree = "<group>";
		};
		B9B91EFF1E39664800FBFEAD /* caravan-iosTests */ = {
			isa = PBXGroup;
			children = (
				B9B91F001E39664800FBFEAD /* caravan_iosTests.swift */,
				B9B91F021E39664800FBFEAD /* Info.plist */,
			);
			path = "caravan-iosTests";
			sourceTree = "<group>";
		};
		B9B91F0A1E39664800FBFEAD /* caravan-iosUITests */ = {
			isa = PBXGroup;
			children = (
				B9B91F0B1E39664800FBFEAD /* caravan_iosUITests.swift */,
				B9B91F0D1E39664800FBFEAD /* Info.plist */,
			);
			path = "caravan-iosUITests";
			sourceTree = "<group>";
		};
		B9DE53CC1E6E674C00831710 /* Controller */ = {
			isa = PBXGroup;
			children = (
				B9B91EED1E39664800FBFEAD /* MapViewController.swift */,
				B99777861E55228A0047149B /* SearchViewController.swift */,
				B92E18281E5D073700934506 /* LoginViewController.swift */,
				46E222211ED4F81A00D1C6F7 /* RouteSelectionViewController.swift */,
				E7D431B71EE8C31500915DC2 /* PreviewViewController.swift */,
				E7D431BB1EEB5EDD00915DC2 /* JoinViewController.swift */,
			);
			name = Controller;
			sourceTree = "<group>";
		};
		D07702B0325EA22D40BAF914 /* Frameworks */ = {
			isa = PBXGroup;
			children = (
				BADD37FE9B47130674ECC720 /* Pods_caravan_ios.framework */,
				01EF70F2CFFD6AAE9BFAF54A /* Pods_caravan_iosTests.framework */,
				B4F3605FC2CEDC4564A409B5 /* Pods_caravan_iosUITests.framework */,
			);
			name = Frameworks;
			sourceTree = "<group>";
		};
/* End PBXGroup section */

/* Begin PBXNativeTarget section */
		B9B91EE71E39664800FBFEAD /* caravan-ios */ = {
			isa = PBXNativeTarget;
			buildConfigurationList = B9B91F101E39664800FBFEAD /* Build configuration list for PBXNativeTarget "caravan-ios" */;
			buildPhases = (
				F702C56E20E5CB5DDC3EE4C8 /* [CP] Check Pods Manifest.lock */,
				B9B91EE41E39664800FBFEAD /* Sources */,
				B9B91EE51E39664800FBFEAD /* Frameworks */,
				B9B91EE61E39664800FBFEAD /* Resources */,
				146AFFE03F094193A4D6F6EE /* [CP] Embed Pods Frameworks */,
				0F954037ADA0E8C977A78FE3 /* [CP] Copy Pods Resources */,
			);
			buildRules = (
			);
			dependencies = (
			);
			name = "caravan-ios";
			productName = "caravan-ios";
			productReference = B9B91EE81E39664800FBFEAD /* caravan-ios.app */;
			productType = "com.apple.product-type.application";
		};
		B9B91EFB1E39664800FBFEAD /* caravan-iosTests */ = {
			isa = PBXNativeTarget;
			buildConfigurationList = B9B91F131E39664800FBFEAD /* Build configuration list for PBXNativeTarget "caravan-iosTests" */;
			buildPhases = (
				A983BFD4A43CF0514738F157 /* [CP] Check Pods Manifest.lock */,
				B9B91EF81E39664800FBFEAD /* Sources */,
				B9B91EF91E39664800FBFEAD /* Frameworks */,
				B9B91EFA1E39664800FBFEAD /* Resources */,
				1033E4BB557EB248AA9AA085 /* [CP] Embed Pods Frameworks */,
				626CA2D14F8B7E051E5FBBE6 /* [CP] Copy Pods Resources */,
			);
			buildRules = (
			);
			dependencies = (
				B9B91EFE1E39664800FBFEAD /* PBXTargetDependency */,
			);
			name = "caravan-iosTests";
			productName = "caravan-iosTests";
			productReference = B9B91EFC1E39664800FBFEAD /* caravan-iosTests.xctest */;
			productType = "com.apple.product-type.bundle.unit-test";
		};
		B9B91F061E39664800FBFEAD /* caravan-iosUITests */ = {
			isa = PBXNativeTarget;
			buildConfigurationList = B9B91F161E39664800FBFEAD /* Build configuration list for PBXNativeTarget "caravan-iosUITests" */;
			buildPhases = (
				A7DFBFC471FA3684E8695908 /* [CP] Check Pods Manifest.lock */,
				B9B91F031E39664800FBFEAD /* Sources */,
				B9B91F041E39664800FBFEAD /* Frameworks */,
				B9B91F051E39664800FBFEAD /* Resources */,
				B42EE7243F7CED6BFA1B1C7F /* [CP] Embed Pods Frameworks */,
				3DBFCB1F359AF19FC4A510B6 /* [CP] Copy Pods Resources */,
			);
			buildRules = (
			);
			dependencies = (
				B9B91F091E39664800FBFEAD /* PBXTargetDependency */,
			);
			name = "caravan-iosUITests";
			productName = "caravan-iosUITests";
			productReference = B9B91F071E39664800FBFEAD /* caravan-iosUITests.xctest */;
			productType = "com.apple.product-type.bundle.ui-testing";
		};
/* End PBXNativeTarget section */

/* Begin PBXProject section */
		B9B91EE01E39664800FBFEAD /* Project object */ = {
			isa = PBXProject;
			attributes = {
				LastSwiftUpdateCheck = 0820;
				LastUpgradeCheck = 0820;
				ORGANIZATIONNAME = Nancy;
				TargetAttributes = {
					B9B91EE71E39664800FBFEAD = {
						CreatedOnToolsVersion = 8.2.1;
						DevelopmentTeam = CL96N4F53P;
						ProvisioningStyle = Automatic;
					};
					B9B91EFB1E39664800FBFEAD = {
						CreatedOnToolsVersion = 8.2.1;
						DevelopmentTeam = CL96N4F53P;
						ProvisioningStyle = Automatic;
						TestTargetID = B9B91EE71E39664800FBFEAD;
					};
					B9B91F061E39664800FBFEAD = {
						CreatedOnToolsVersion = 8.2.1;
						DevelopmentTeam = CL96N4F53P;
						ProvisioningStyle = Automatic;
						TestTargetID = B9B91EE71E39664800FBFEAD;
					};
				};
			};
			buildConfigurationList = B9B91EE31E39664800FBFEAD /* Build configuration list for PBXProject "caravan-ios" */;
			compatibilityVersion = "Xcode 3.2";
			developmentRegion = English;
			hasScannedForEncodings = 0;
			knownRegions = (
				en,
				Base,
			);
			mainGroup = B9B91EDF1E39664800FBFEAD;
			productRefGroup = B9B91EE91E39664800FBFEAD /* Products */;
			projectDirPath = "";
			projectRoot = "";
			targets = (
				B9B91EE71E39664800FBFEAD /* caravan-ios */,
				B9B91EFB1E39664800FBFEAD /* caravan-iosTests */,
				B9B91F061E39664800FBFEAD /* caravan-iosUITests */,
			);
		};
/* End PBXProject section */

/* Begin PBXResourcesBuildPhase section */
		B9B91EE61E39664800FBFEAD /* Resources */ = {
			isa = PBXResourcesBuildPhase;
			buildActionMask = 2147483647;
			files = (
				B9B91EF61E39664800FBFEAD /* LaunchScreen.storyboard in Resources */,
				B93F00E11E396A6600ACFB48 /* GoogleService-Info.plist in Resources */,
				B9B91EF31E39664800FBFEAD /* Assets.xcassets in Resources */,
				B9B91EF11E39664800FBFEAD /* Main.storyboard in Resources */,
			);
			runOnlyForDeploymentPostprocessing = 0;
		};
		B9B91EFA1E39664800FBFEAD /* Resources */ = {
			isa = PBXResourcesBuildPhase;
			buildActionMask = 2147483647;
			files = (
				B93F00E21E396A6600ACFB48 /* GoogleService-Info.plist in Resources */,
			);
			runOnlyForDeploymentPostprocessing = 0;
		};
		B9B91F051E39664800FBFEAD /* Resources */ = {
			isa = PBXResourcesBuildPhase;
			buildActionMask = 2147483647;
			files = (
				B93F00E31E396A6600ACFB48 /* GoogleService-Info.plist in Resources */,
			);
			runOnlyForDeploymentPostprocessing = 0;
		};
/* End PBXResourcesBuildPhase section */

/* Begin PBXShellScriptBuildPhase section */
		0F954037ADA0E8C977A78FE3 /* [CP] Copy Pods Resources */ = {
			isa = PBXShellScriptBuildPhase;
			buildActionMask = 2147483647;
			files = (
			);
			inputPaths = (
			);
			name = "[CP] Copy Pods Resources";
			outputPaths = (
			);
			runOnlyForDeploymentPostprocessing = 0;
			shellPath = /bin/sh;
			shellScript = "\"${SRCROOT}/Pods/Target Support Files/Pods-caravan-ios/Pods-caravan-ios-resources.sh\"\n";
			showEnvVarsInLog = 0;
		};
		1033E4BB557EB248AA9AA085 /* [CP] Embed Pods Frameworks */ = {
			isa = PBXShellScriptBuildPhase;
			buildActionMask = 2147483647;
			files = (
			);
			inputPaths = (
			);
			name = "[CP] Embed Pods Frameworks";
			outputPaths = (
			);
			runOnlyForDeploymentPostprocessing = 0;
			shellPath = /bin/sh;
			shellScript = "\"${SRCROOT}/Pods/Target Support Files/Pods-caravan-iosTests/Pods-caravan-iosTests-frameworks.sh\"\n";
			showEnvVarsInLog = 0;
		};
		146AFFE03F094193A4D6F6EE /* [CP] Embed Pods Frameworks */ = {
			isa = PBXShellScriptBuildPhase;
			buildActionMask = 2147483647;
			files = (
			);
			inputPaths = (
			);
			name = "[CP] Embed Pods Frameworks";
			outputPaths = (
			);
			runOnlyForDeploymentPostprocessing = 0;
			shellPath = /bin/sh;
			shellScript = "\"${SRCROOT}/Pods/Target Support Files/Pods-caravan-ios/Pods-caravan-ios-frameworks.sh\"\n";
			showEnvVarsInLog = 0;
		};
		3DBFCB1F359AF19FC4A510B6 /* [CP] Copy Pods Resources */ = {
			isa = PBXShellScriptBuildPhase;
			buildActionMask = 2147483647;
			files = (
			);
			inputPaths = (
			);
			name = "[CP] Copy Pods Resources";
			outputPaths = (
			);
			runOnlyForDeploymentPostprocessing = 0;
			shellPath = /bin/sh;
			shellScript = "\"${SRCROOT}/Pods/Target Support Files/Pods-caravan-iosUITests/Pods-caravan-iosUITests-resources.sh\"\n";
			showEnvVarsInLog = 0;
		};
		626CA2D14F8B7E051E5FBBE6 /* [CP] Copy Pods Resources */ = {
			isa = PBXShellScriptBuildPhase;
			buildActionMask = 2147483647;
			files = (
			);
			inputPaths = (
			);
			name = "[CP] Copy Pods Resources";
			outputPaths = (
			);
			runOnlyForDeploymentPostprocessing = 0;
			shellPath = /bin/sh;
			shellScript = "\"${SRCROOT}/Pods/Target Support Files/Pods-caravan-iosTests/Pods-caravan-iosTests-resources.sh\"\n";
			showEnvVarsInLog = 0;
		};
		A7DFBFC471FA3684E8695908 /* [CP] Check Pods Manifest.lock */ = {
			isa = PBXShellScriptBuildPhase;
			buildActionMask = 2147483647;
			files = (
			);
			inputPaths = (
			);
			name = "[CP] Check Pods Manifest.lock";
			outputPaths = (
			);
			runOnlyForDeploymentPostprocessing = 0;
			shellPath = /bin/sh;
			shellScript = "diff \"${PODS_ROOT}/../Podfile.lock\" \"${PODS_ROOT}/Manifest.lock\" > /dev/null\nif [ $? != 0 ] ; then\n    # print error to STDERR\n    echo \"error: The sandbox is not in sync with the Podfile.lock. Run 'pod install' or update your CocoaPods installation.\" >&2\n    exit 1\nfi\n";
			showEnvVarsInLog = 0;
		};
		A983BFD4A43CF0514738F157 /* [CP] Check Pods Manifest.lock */ = {
			isa = PBXShellScriptBuildPhase;
			buildActionMask = 2147483647;
			files = (
			);
			inputPaths = (
			);
			name = "[CP] Check Pods Manifest.lock";
			outputPaths = (
			);
			runOnlyForDeploymentPostprocessing = 0;
			shellPath = /bin/sh;
			shellScript = "diff \"${PODS_ROOT}/../Podfile.lock\" \"${PODS_ROOT}/Manifest.lock\" > /dev/null\nif [ $? != 0 ] ; then\n    # print error to STDERR\n    echo \"error: The sandbox is not in sync with the Podfile.lock. Run 'pod install' or update your CocoaPods installation.\" >&2\n    exit 1\nfi\n";
			showEnvVarsInLog = 0;
		};
		B42EE7243F7CED6BFA1B1C7F /* [CP] Embed Pods Frameworks */ = {
			isa = PBXShellScriptBuildPhase;
			buildActionMask = 2147483647;
			files = (
			);
			inputPaths = (
			);
			name = "[CP] Embed Pods Frameworks";
			outputPaths = (
			);
			runOnlyForDeploymentPostprocessing = 0;
			shellPath = /bin/sh;
			shellScript = "\"${SRCROOT}/Pods/Target Support Files/Pods-caravan-iosUITests/Pods-caravan-iosUITests-frameworks.sh\"\n";
			showEnvVarsInLog = 0;
		};
		F702C56E20E5CB5DDC3EE4C8 /* [CP] Check Pods Manifest.lock */ = {
			isa = PBXShellScriptBuildPhase;
			buildActionMask = 2147483647;
			files = (
			);
			inputPaths = (
			);
			name = "[CP] Check Pods Manifest.lock";
			outputPaths = (
			);
			runOnlyForDeploymentPostprocessing = 0;
			shellPath = /bin/sh;
			shellScript = "diff \"${PODS_ROOT}/../Podfile.lock\" \"${PODS_ROOT}/Manifest.lock\" > /dev/null\nif [ $? != 0 ] ; then\n    # print error to STDERR\n    echo \"error: The sandbox is not in sync with the Podfile.lock. Run 'pod install' or update your CocoaPods installation.\" >&2\n    exit 1\nfi\n";
			showEnvVarsInLog = 0;
		};
/* End PBXShellScriptBuildPhase section */

/* Begin PBXSourcesBuildPhase section */
		B9B91EE41E39664800FBFEAD /* Sources */ = {
			isa = PBXSourcesBuildPhase;
			buildActionMask = 2147483647;
			files = (
				B92E18291E5D073700934506 /* LoginViewController.swift in Sources */,
				46E222221ED4F81A00D1C6F7 /* RouteSelectionViewController.swift in Sources */,
				463A771E1ECBCBEC004FE290 /* MenuView.swift in Sources */,
				B9B91EEE1E39664800FBFEAD /* MapViewController.swift in Sources */,
				E7D431BC1EEB5EDD00915DC2 /* JoinViewController.swift in Sources */,
				462430AE1EF03F1B007B4A56 /* UserLocAnnotation.swift in Sources */,
				B99777871E55228A0047149B /* SearchViewController.swift in Sources */,
				463A77241ECBCC7C004FE290 /* MenuViewDelegate.swift in Sources */,
				B9B91EEC1E39664800FBFEAD /* AppDelegate.swift in Sources */,
				E7D431B81EE8C31500915DC2 /* PreviewViewController.swift in Sources */,
			);
			runOnlyForDeploymentPostprocessing = 0;
		};
		B9B91EF81E39664800FBFEAD /* Sources */ = {
			isa = PBXSourcesBuildPhase;
			buildActionMask = 2147483647;
			files = (
				E7D431BF1EEBB53C00915DC2 /* AppDelegate.swift in Sources */,
				B9B91F011E39664800FBFEAD /* caravan_iosTests.swift in Sources */,
				E7D431BD1EEB5EDD00915DC2 /* JoinViewController.swift in Sources */,
				E7D431B91EE8C31500915DC2 /* PreviewViewController.swift in Sources */,
			);
			runOnlyForDeploymentPostprocessing = 0;
		};
		B9B91F031E39664800FBFEAD /* Sources */ = {
			isa = PBXSourcesBuildPhase;
			buildActionMask = 2147483647;
			files = (
				E7D431C01EEBB53D00915DC2 /* AppDelegate.swift in Sources */,
				B9B91F0C1E39664800FBFEAD /* caravan_iosUITests.swift in Sources */,
				E7D431BE1EEB5EDD00915DC2 /* JoinViewController.swift in Sources */,
				E7D431BA1EE8C31500915DC2 /* PreviewViewController.swift in Sources */,
			);
			runOnlyForDeploymentPostprocessing = 0;
		};
/* End PBXSourcesBuildPhase section */

/* Begin PBXTargetDependency section */
		B9B91EFE1E39664800FBFEAD /* PBXTargetDependency */ = {
			isa = PBXTargetDependency;
			target = B9B91EE71E39664800FBFEAD /* caravan-ios */;
			targetProxy = B9B91EFD1E39664800FBFEAD /* PBXContainerItemProxy */;
		};
		B9B91F091E39664800FBFEAD /* PBXTargetDependency */ = {
			isa = PBXTargetDependency;
			target = B9B91EE71E39664800FBFEAD /* caravan-ios */;
			targetProxy = B9B91F081E39664800FBFEAD /* PBXContainerItemProxy */;
		};
/* End PBXTargetDependency section */

/* Begin PBXVariantGroup section */
		B9B91EEF1E39664800FBFEAD /* Main.storyboard */ = {
			isa = PBXVariantGroup;
			children = (
				B9B91EF01E39664800FBFEAD /* Base */,
			);
			name = Main.storyboard;
			sourceTree = "<group>";
		};
		B9B91EF41E39664800FBFEAD /* LaunchScreen.storyboard */ = {
			isa = PBXVariantGroup;
			children = (
				B9B91EF51E39664800FBFEAD /* Base */,
			);
			name = LaunchScreen.storyboard;
			sourceTree = "<group>";
		};
/* End PBXVariantGroup section */

/* Begin XCBuildConfiguration section */
		B9B91F0E1E39664800FBFEAD /* Debug */ = {
			isa = XCBuildConfiguration;
			buildSettings = {
				ALWAYS_SEARCH_USER_PATHS = NO;
				CLANG_ANALYZER_NONNULL = YES;
				CLANG_CXX_LANGUAGE_STANDARD = "gnu++0x";
				CLANG_CXX_LIBRARY = "libc++";
				CLANG_ENABLE_MODULES = YES;
				CLANG_ENABLE_OBJC_ARC = YES;
				CLANG_WARN_BOOL_CONVERSION = YES;
				CLANG_WARN_CONSTANT_CONVERSION = YES;
				CLANG_WARN_DIRECT_OBJC_ISA_USAGE = YES_ERROR;
				CLANG_WARN_DOCUMENTATION_COMMENTS = YES;
				CLANG_WARN_EMPTY_BODY = YES;
				CLANG_WARN_ENUM_CONVERSION = YES;
				CLANG_WARN_INFINITE_RECURSION = YES;
				CLANG_WARN_INT_CONVERSION = YES;
				CLANG_WARN_OBJC_ROOT_CLASS = YES_ERROR;
				CLANG_WARN_SUSPICIOUS_MOVE = YES;
				CLANG_WARN_UNREACHABLE_CODE = YES;
				CLANG_WARN__DUPLICATE_METHOD_MATCH = YES;
				"CODE_SIGN_IDENTITY[sdk=iphoneos*]" = "iPhone Developer";
				COPY_PHASE_STRIP = NO;
				DEBUG_INFORMATION_FORMAT = dwarf;
				ENABLE_STRICT_OBJC_MSGSEND = YES;
				ENABLE_TESTABILITY = YES;
				GCC_C_LANGUAGE_STANDARD = gnu99;
				GCC_DYNAMIC_NO_PIC = NO;
				GCC_NO_COMMON_BLOCKS = YES;
				GCC_OPTIMIZATION_LEVEL = 0;
				GCC_PREPROCESSOR_DEFINITIONS = (
					"DEBUG=1",
					"$(inherited)",
				);
				GCC_WARN_64_TO_32_BIT_CONVERSION = YES;
				GCC_WARN_ABOUT_RETURN_TYPE = YES_ERROR;
				GCC_WARN_UNDECLARED_SELECTOR = YES;
				GCC_WARN_UNINITIALIZED_AUTOS = YES_AGGRESSIVE;
				GCC_WARN_UNUSED_FUNCTION = YES;
				GCC_WARN_UNUSED_VARIABLE = YES;
				IPHONEOS_DEPLOYMENT_TARGET = 10.2;
				MTL_ENABLE_DEBUG_INFO = YES;
				ONLY_ACTIVE_ARCH = YES;
				SDKROOT = iphoneos;
				SWIFT_ACTIVE_COMPILATION_CONDITIONS = DEBUG;
				SWIFT_OPTIMIZATION_LEVEL = "-Onone";
			};
			name = Debug;
		};
		B9B91F0F1E39664800FBFEAD /* Release */ = {
			isa = XCBuildConfiguration;
			buildSettings = {
				ALWAYS_SEARCH_USER_PATHS = NO;
				CLANG_ANALYZER_NONNULL = YES;
				CLANG_CXX_LANGUAGE_STANDARD = "gnu++0x";
				CLANG_CXX_LIBRARY = "libc++";
				CLANG_ENABLE_MODULES = YES;
				CLANG_ENABLE_OBJC_ARC = YES;
				CLANG_WARN_BOOL_CONVERSION = YES;
				CLANG_WARN_CONSTANT_CONVERSION = YES;
				CLANG_WARN_DIRECT_OBJC_ISA_USAGE = YES_ERROR;
				CLANG_WARN_DOCUMENTATION_COMMENTS = YES;
				CLANG_WARN_EMPTY_BODY = YES;
				CLANG_WARN_ENUM_CONVERSION = YES;
				CLANG_WARN_INFINITE_RECURSION = YES;
				CLANG_WARN_INT_CONVERSION = YES;
				CLANG_WARN_OBJC_ROOT_CLASS = YES_ERROR;
				CLANG_WARN_SUSPICIOUS_MOVE = YES;
				CLANG_WARN_UNREACHABLE_CODE = YES;
				CLANG_WARN__DUPLICATE_METHOD_MATCH = YES;
				"CODE_SIGN_IDENTITY[sdk=iphoneos*]" = "iPhone Developer";
				COPY_PHASE_STRIP = NO;
				DEBUG_INFORMATION_FORMAT = "dwarf-with-dsym";
				ENABLE_NS_ASSERTIONS = NO;
				ENABLE_STRICT_OBJC_MSGSEND = YES;
				GCC_C_LANGUAGE_STANDARD = gnu99;
				GCC_NO_COMMON_BLOCKS = YES;
				GCC_WARN_64_TO_32_BIT_CONVERSION = YES;
				GCC_WARN_ABOUT_RETURN_TYPE = YES_ERROR;
				GCC_WARN_UNDECLARED_SELECTOR = YES;
				GCC_WARN_UNINITIALIZED_AUTOS = YES_AGGRESSIVE;
				GCC_WARN_UNUSED_FUNCTION = YES;
				GCC_WARN_UNUSED_VARIABLE = YES;
				IPHONEOS_DEPLOYMENT_TARGET = 10.2;
				MTL_ENABLE_DEBUG_INFO = NO;
				SDKROOT = iphoneos;
				SWIFT_OPTIMIZATION_LEVEL = "-Owholemodule";
				VALIDATE_PRODUCT = YES;
			};
			name = Release;
		};
		B9B91F111E39664800FBFEAD /* Debug */ = {
			isa = XCBuildConfiguration;
			baseConfigurationReference = 3055808A949C458832659EEF /* Pods-caravan-ios.debug.xcconfig */;
			buildSettings = {
				ALWAYS_EMBED_SWIFT_STANDARD_LIBRARIES = YES;
				ASSETCATALOG_COMPILER_APPICON_NAME = AppIcon;
				DEVELOPMENT_TEAM = CL96N4F53P;
				FRAMEWORK_SEARCH_PATHS = (
					"$(inherited)",
					"$(PROJECT_DIR)",
				);
				INFOPLIST_FILE = "caravan-ios/Info.plist";
				IPHONEOS_DEPLOYMENT_TARGET = 10.2;
				LD_RUNPATH_SEARCH_PATHS = "$(inherited) @executable_path/Frameworks";
				PRODUCT_BUNDLE_IDENTIFIER = "caravan.caravan-ios";
				PRODUCT_NAME = "$(TARGET_NAME)";
				SWIFT_VERSION = 3.0;
			};
			name = Debug;
		};
		B9B91F121E39664800FBFEAD /* Release */ = {
			isa = XCBuildConfiguration;
			baseConfigurationReference = F3221F18AF26FCBBBDFB9C14 /* Pods-caravan-ios.release.xcconfig */;
			buildSettings = {
				ALWAYS_EMBED_SWIFT_STANDARD_LIBRARIES = YES;
				ASSETCATALOG_COMPILER_APPICON_NAME = AppIcon;
				DEVELOPMENT_TEAM = CL96N4F53P;
				FRAMEWORK_SEARCH_PATHS = (
					"$(inherited)",
					"$(PROJECT_DIR)",
				);
				INFOPLIST_FILE = "caravan-ios/Info.plist";
				IPHONEOS_DEPLOYMENT_TARGET = 10.2;
				LD_RUNPATH_SEARCH_PATHS = "$(inherited) @executable_path/Frameworks";
				PRODUCT_BUNDLE_IDENTIFIER = "caravan.caravan-ios";
				PRODUCT_NAME = "$(TARGET_NAME)";
				SWIFT_VERSION = 3.0;
			};
			name = Release;
		};
		B9B91F141E39664800FBFEAD /* Debug */ = {
			isa = XCBuildConfiguration;
			baseConfigurationReference = 3ABA6D556AFCFB28B69478D5 /* Pods-caravan-iosTests.debug.xcconfig */;
			buildSettings = {
				ALWAYS_EMBED_SWIFT_STANDARD_LIBRARIES = YES;
				BUNDLE_LOADER = "$(TEST_HOST)";
				DEVELOPMENT_TEAM = CL96N4F53P;
				INFOPLIST_FILE = "caravan-iosTests/Info.plist";
				LD_RUNPATH_SEARCH_PATHS = "$(inherited) @executable_path/Frameworks @loader_path/Frameworks";
				PRODUCT_BUNDLE_IDENTIFIER = "caravan.caravan-iosTests";
				PRODUCT_NAME = "$(TARGET_NAME)";
				SWIFT_VERSION = 3.0;
				TEST_HOST = "$(BUILT_PRODUCTS_DIR)/caravan-ios.app/caravan-ios";
			};
			name = Debug;
		};
		B9B91F151E39664800FBFEAD /* Release */ = {
			isa = XCBuildConfiguration;
			baseConfigurationReference = C2FF9F453FFD5B69110977CA /* Pods-caravan-iosTests.release.xcconfig */;
			buildSettings = {
				ALWAYS_EMBED_SWIFT_STANDARD_LIBRARIES = YES;
				BUNDLE_LOADER = "$(TEST_HOST)";
				DEVELOPMENT_TEAM = CL96N4F53P;
				INFOPLIST_FILE = "caravan-iosTests/Info.plist";
				LD_RUNPATH_SEARCH_PATHS = "$(inherited) @executable_path/Frameworks @loader_path/Frameworks";
				PRODUCT_BUNDLE_IDENTIFIER = "caravan.caravan-iosTests";
				PRODUCT_NAME = "$(TARGET_NAME)";
				SWIFT_VERSION = 3.0;
				TEST_HOST = "$(BUILT_PRODUCTS_DIR)/caravan-ios.app/caravan-ios";
			};
			name = Release;
		};
		B9B91F171E39664800FBFEAD /* Debug */ = {
			isa = XCBuildConfiguration;
			baseConfigurationReference = 7ED97C7732B3A892FFB05C70 /* Pods-caravan-iosUITests.debug.xcconfig */;
			buildSettings = {
				ALWAYS_EMBED_SWIFT_STANDARD_LIBRARIES = YES;
				DEVELOPMENT_TEAM = CL96N4F53P;
				INFOPLIST_FILE = "caravan-iosUITests/Info.plist";
				LD_RUNPATH_SEARCH_PATHS = "$(inherited) @executable_path/Frameworks @loader_path/Frameworks";
				PRODUCT_BUNDLE_IDENTIFIER = "caravan.caravan-iosUITests";
				PRODUCT_NAME = "$(TARGET_NAME)";
				SWIFT_VERSION = 3.0;
				TEST_TARGET_NAME = "caravan-ios";
			};
			name = Debug;
		};
		B9B91F181E39664800FBFEAD /* Release */ = {
			isa = XCBuildConfiguration;
			baseConfigurationReference = 9E9DA8F00FD3B90E0C7A0D27 /* Pods-caravan-iosUITests.release.xcconfig */;
			buildSettings = {
				ALWAYS_EMBED_SWIFT_STANDARD_LIBRARIES = YES;
				DEVELOPMENT_TEAM = CL96N4F53P;
				INFOPLIST_FILE = "caravan-iosUITests/Info.plist";
				LD_RUNPATH_SEARCH_PATHS = "$(inherited) @executable_path/Frameworks @loader_path/Frameworks";
				PRODUCT_BUNDLE_IDENTIFIER = "caravan.caravan-iosUITests";
				PRODUCT_NAME = "$(TARGET_NAME)";
				SWIFT_VERSION = 3.0;
				TEST_TARGET_NAME = "caravan-ios";
			};
			name = Release;
		};
/* End XCBuildConfiguration section */

/* Begin XCConfigurationList section */
		B9B91EE31E39664800FBFEAD /* Build configuration list for PBXProject "caravan-ios" */ = {
			isa = XCConfigurationList;
			buildConfigurations = (
				B9B91F0E1E39664800FBFEAD /* Debug */,
				B9B91F0F1E39664800FBFEAD /* Release */,
			);
			defaultConfigurationIsVisible = 0;
			defaultConfigurationName = Release;
		};
		B9B91F101E39664800FBFEAD /* Build configuration list for PBXNativeTarget "caravan-ios" */ = {
			isa = XCConfigurationList;
			buildConfigurations = (
				B9B91F111E39664800FBFEAD /* Debug */,
				B9B91F121E39664800FBFEAD /* Release */,
			);
			defaultConfigurationIsVisible = 0;
			defaultConfigurationName = Release;
		};
		B9B91F131E39664800FBFEAD /* Build configuration list for PBXNativeTarget "caravan-iosTests" */ = {
			isa = XCConfigurationList;
			buildConfigurations = (
				B9B91F141E39664800FBFEAD /* Debug */,
				B9B91F151E39664800FBFEAD /* Release */,
			);
			defaultConfigurationIsVisible = 0;
			defaultConfigurationName = Release;
		};
		B9B91F161E39664800FBFEAD /* Build configuration list for PBXNativeTarget "caravan-iosUITests" */ = {
			isa = XCConfigurationList;
			buildConfigurations = (
				B9B91F171E39664800FBFEAD /* Debug */,
				B9B91F181E39664800FBFEAD /* Release */,
			);
			defaultConfigurationIsVisible = 0;
			defaultConfigurationName = Release;
		};
/* End XCConfigurationList section */
	};
	rootObject = B9B91EE01E39664800FBFEAD /* Project object */;
}
